{
	"name": "@fztj-component/ellipsistooltip",
	"version": "1.1.0",
	"lockfileVersion": 2,
	"requires": true,
	"packages": {
		"": {
			"name": "@fztj-component/ellipsistooltip",
			"version": "1.1.0",
			"license": "ISC",
			"dependencies": {
				"vue": "^2.6.14",
				"wavesurfer.js": "^5.1.0"
			},
			"devDependencies": {
				"typescript": "^4.3.4"
			}
		},
		"node_modules/typescript": {
			"version": "4.3.4",
			"resolved": "https://registry.nlark.com/typescript/download/typescript-4.3.4.tgz",
			"integrity": "sha1-P4W5hpRbzzEHHezdls+L+mX53Lw=",
			"dev": true,
			"bin": {
				"tsc": "bin/tsc",
				"tsserver": "bin/tsserver"
			},
			"engines": {
				"node": ">=4.2.0"
			}
		},
		"node_modules/vue": {
			"version": "2.6.14",
			"resolved": "https://registry.nlark.com/vue/download/vue-2.6.14.tgz",
			"integrity": "sha1-5RqlJQJQ1Wmj+606ilpofWA24jU="
		},
		"node_modules/wavesurfer.js": {
			"version": "5.1.0",
			"resolved": "https://registry.nlark.com/wavesurfer.js/download/wavesurfer.js-5.1.0.tgz",
			"integrity": "sha1-cVXnbadqspO0XIDlx/7roKeigs0="
		}
	},
	"dependencies": {
		"typescript": {
			"version": "4.3.4",
			"resolved": "https://registry.nlark.com/typescript/download/typescript-4.3.4.tgz",
			"integrity": "sha1-P4W5hpRbzzEHHezdls+L+mX53Lw=",
			"dev": true
		},
		"vue": {
			"version": "2.6.14",
			"resolved": "https://registry.nlark.com/vue/download/vue-2.6.14.tgz",
			"integrity": "sha1-5RqlJQJQ1Wmj+606ilpofWA24jU="
		},
		"wavesurfer.js": {
			"version": "5.1.0",
			"resolved": "https://registry.nlark.com/wavesurfer.js/download/wavesurfer.js-5.1.0.tgz",
			"integrity": "sha1-cVXnbadqspO0XIDlx/7roKeigs0="
		}
	}
}
