{
	"name": "@cdt/wavesurfer",
	"version": "1.0.0",
	"lockfileVersion": 2,
	"requires": true,
	"packages": {
		"": {
			"name": "@cdt/wavesurfer",
			"version": "1.0.0",
			"license": "ISC",
			"dependencies": {
				"vue": "^2.6.14",
				"wavesurfer.js": "^5.1.0"
			}
		},
		"node_modules/vue": {
			"version": "2.6.14",
			"resolved": "https://registry.nlark.com/vue/download/vue-2.6.14.tgz",
			"integrity": "sha1-5RqlJQJQ1Wmj+606ilpofWA24jU="
		},
		"node_modules/wavesurfer.js": {
			"version": "5.1.0",
			"resolved": "https://registry.nlark.com/wavesurfer.js/download/wavesurfer.js-5.1.0.tgz",
			"integrity": "sha1-cVXnbadqspO0XIDlx/7roKeigs0="
		}
	},
	"dependencies": {
		"vue": {
			"version": "2.6.14",
			"resolved": "https://registry.nlark.com/vue/download/vue-2.6.14.tgz",
			"integrity": "sha1-5RqlJQJQ1Wmj+606ilpofWA24jU="
		},
		"wavesurfer.js": {
			"version": "5.1.0",
			"resolved": "https://registry.nlark.com/wavesurfer.js/download/wavesurfer.js-5.1.0.tgz",
			"integrity": "sha1-cVXnbadqspO0XIDlx/7roKeigs0="
		}
	}
}
